
Microsoft Visual Studio Solution File, Format Version 12.00
Project("{FAE04EC0-301F-11D3-BF4B-00C04F79EFBC}") = "BlazorApp1", "BlazorApp1\BlazorApp1.csproj", "{BD29D9E3-B091-4828-B083-0CA72D3598FC}"
EndProject
Global
	GlobalSection(SolutionConfigurationPlatforms) = preSolution
		Debug|Any CPU = Debug|Any CPU
		Release|Any CPU = Release|Any CPU
	EndGlobalSection
	GlobalSection(ProjectConfigurationPlatforms) = postSolution
		{BD29D9E3-B091-4828-B083-0CA72D3598FC}.Debug|Any CPU.ActiveCfg = Debug|Any CPU
		{BD29D9E3-B091-4828-B083-0CA72D3598FC}.Debug|Any CPU.Build.0 = Debug|Any CPU
		{BD29D9E3-B091-4828-B083-0CA72D3598FC}.Release|Any CPU.ActiveCfg = Release|Any CPU
		{BD29D9E3-B091-4828-B083-0CA72D3598FC}.Release|Any CPU.Build.0 = Release|Any CPU
	EndGlobalSection
EndGlobal
